// !$*UTF8*$!
{
	archiveVersion = 1;
	classes = {
	};
	objectVersion = 50;
	objects = {

/* Begin PBXBuildFile section */
		94711CBA268F17100089041D /* Meow_MeowApp.swift in Sources */ = {isa = PBXBuildFile; fileRef = 94711CB9268F17100089041D /* Meow_MeowApp.swift */; };
		94711CBC268F17100089041D /* ContentView.swift in Sources */ = {isa = PBXBuildFile; fileRef = 94711CBB268F17100089041D /* ContentView.swift */; };
		94711CBE268F17110089041D /* Assets.xcassets in Resources */ = {isa = PBXBuildFile; fileRef = 94711CBD268F17110089041D /* Assets.xcassets */; };
		94711CC1268F17110089041D /* Preview Assets.xcassets in Resources */ = {isa = PBXBuildFile; fileRef = 94711CC0268F17110089041D /* Preview Assets.xcassets */; };
		94711CCC268F17110089041D /* Meow_MeowTests.swift in Sources */ = {isa = PBXBuildFile; fileRef = 94711CCB268F17110089041D /* Meow_MeowTests.swift */; };
		94711CD7268F17110089041D /* Meow_MeowUITests.swift in Sources */ = {isa = PBXBuildFile; fileRef = 94711CD6268F17110089041D /* Meow_MeowUITests.swift */; };
		94711CE7268F17780089041D /* meo.mp3 in Resources */ = {isa = PBXBuildFile; fileRef = 94711CE6268F17780089041D /* meo.mp3 */; };
		94711CED268F187B0089041D /* RandomCatView.swift in Sources */ = {isa = PBXBuildFile; fileRef = 94711CEC268F187B0089041D /* RandomCatView.swift */; };
		94711CEF268F188A0089041D /* FavoriteCatView.swift in Sources */ = {isa = PBXBuildFile; fileRef = 94711CEE268F188A0089041D /* FavoriteCatView.swift */; };
		94711CF1268F18920089041D /* AboutView.swift in Sources */ = {isa = PBXBuildFile; fileRef = 94711CF0268F18920089041D /* AboutView.swift */; };
/* End PBXBuildFile section */

/* Begin PBXContainerItemProxy section */
		94711CC8268F17110089041D /* PBXContainerItemProxy */ = {
			isa = PBXContainerItemProxy;
			containerPortal = 94711CAE268F17100089041D /* Project object */;
			proxyType = 1;
			remoteGlobalIDString = 94711CB5268F17100089041D;
			remoteInfo = "Meow Meow";
		};
		94711CD3268F17110089041D /* PBXContainerItemProxy */ = {
			isa = PBXContainerItemProxy;
			containerPortal = 94711CAE268F17100089041D /* Project object */;
			proxyType = 1;
			remoteGlobalIDString = 94711CB5268F17100089041D;
			remoteInfo = "Meow Meow";
		};
/* End PBXContainerItemProxy section */

/* Begin PBXFileReference section */
		94711CB6268F17100089041D /* Meow Meow.app */ = {isa = PBXFileReference; explicitFileType = wrapper.application; includeInIndex = 0; path = "Meow Meow.app"; sourceTree = BUILT_PRODUCTS_DIR; };
		94711CB9268F17100089041D /* Meow_MeowApp.swift */ = {isa = PBXFileReference; lastKnownFileType = sourcecode.swift; path = Meow_MeowApp.swift; sourceTree = "<group>"; };
		94711CBB268F17100089041D /* ContentView.swift */ = {isa = PBXFileReference; lastKnownFileType = sourcecode.swift; path = ContentView.swift; sourceTree = "<group>"; };
		94711CBD268F17110089041D /* Assets.xcassets */ = {isa = PBXFileReference; lastKnownFileType = folder.assetcatalog; path = Assets.xcassets; sourceTree = "<group>"; };
		94711CC0268F17110089041D /* Preview Assets.xcassets */ = {isa = PBXFileReference; lastKnownFileType = folder.assetcatalog; path = "Preview Assets.xcassets"; sourceTree = "<group>"; };
		94711CC2268F17110089041D /* Info.plist */ = {isa = PBXFileReference; lastKnownFileType = text.plist.xml; path = Info.plist; sourceTree = "<group>"; };
		94711CC7268F17110089041D /* Meow MeowTests.xctest */ = {isa = PBXFileReference; explicitFileType = wrapper.cfbundle; includeInIndex = 0; path = "Meow MeowTests.xctest"; sourceTree = BUILT_PRODUCTS_DIR; };
		94711CCB268F17110089041D /* Meow_MeowTests.swift */ = {isa = PBXFileReference; lastKnownFileType = sourcecode.swift; path = Meow_MeowTests.swift; sourceTree = "<group>"; };
		94711CCD268F17110089041D /* Info.plist */ = {isa = PBXFileReference; lastKnownFileType = text.plist.xml; path = Info.plist; sourceTree = "<group>"; };
		94711CD2268F17110089041D /* Meow MeowUITests.xctest */ = {isa = PBXFileReference; explicitFileType = wrapper.cfbundle; includeInIndex = 0; path = "Meow MeowUITests.xctest"; sourceTree = BUILT_PRODUCTS_DIR; };
		94711CD6268F17110089041D /* Meow_MeowUITests.swift */ = {isa = PBXFileReference; lastKnownFileType = sourcecode.swift; path = Meow_MeowUITests.swift; sourceTree = "<group>"; };
		94711CD8268F17110089041D /* Info.plist */ = {isa = PBXFileReference; lastKnownFileType = text.plist.xml; path = Info.plist; sourceTree = "<group>"; };
		94711CE6268F17780089041D /* meo.mp3 */ = {isa = PBXFileReference; lastKnownFileType = audio.mp3; path = meo.mp3; sourceTree = "<group>"; };
		94711CEC268F187B0089041D /* RandomCatView.swift */ = {isa = PBXFileReference; lastKnownFileType = sourcecode.swift; path = RandomCatView.swift; sourceTree = "<group>"; };
		94711CEE268F188A0089041D /* FavoriteCatView.swift */ = {isa = PBXFileReference; lastKnownFileType = sourcecode.swift; path = FavoriteCatView.swift; sourceTree = "<group>"; };
		94711CF0268F18920089041D /* AboutView.swift */ = {isa = PBXFileReference; lastKnownFileType = sourcecode.swift; path = AboutView.swift; sourceTree = "<group>"; };
/* End PBXFileReference section */

/* Begin PBXFrameworksBuildPhase section */
		94711CB3268F17100089041D /* Frameworks */ = {
			isa = PBXFrameworksBuildPhase;
			buildActionMask = 2147483647;
			files = (
			);
			runOnlyForDeploymentPostprocessing = 0;
		};
		94711CC4268F17110089041D /* Frameworks */ = {
			isa = PBXFrameworksBuildPhase;
			buildActionMask = 2147483647;
			files = (
			);
			runOnlyForDeploymentPostprocessing = 0;
		};
		94711CCF268F17110089041D /* Frameworks */ = {
			isa = PBXFrameworksBuildPhase;
			buildActionMask = 2147483647;
			files = (
			);
			runOnlyForDeploymentPostprocessing = 0;
		};
/* End PBXFrameworksBuildPhase section */

/* Begin PBXGroup section */
		94711CAD268F17100089041D = {
			isa = PBXGroup;
			children = (
				94711CB8268F17100089041D /* Meow Meow */,
				94711CCA268F17110089041D /* Meow MeowTests */,
				94711CD5268F17110089041D /* Meow MeowUITests */,
				94711CB7268F17100089041D /* Products */,
			);
			sourceTree = "<group>";
		};
		94711CB7268F17100089041D /* Products */ = {
			isa = PBXGroup;
			children = (
				94711CB6268F17100089041D /* Meow Meow.app */,
				94711CC7268F17110089041D /* Meow MeowTests.xctest */,
				94711CD2268F17110089041D /* Meow MeowUITests.xctest */,
			);
			name = Products;
			sourceTree = "<group>";
		};
		94711CB8268F17100089041D /* Meow Meow */ = {
			isa = PBXGroup;
			children = (
				94711CB9268F17100089041D /* Meow_MeowApp.swift */,
				94711CE5268F172E0089041D /* View */,
				94711CBD268F17110089041D /* Assets.xcassets */,
				94711CE6268F17780089041D /* meo.mp3 */,
				94711CC2268F17110089041D /* Info.plist */,
				94711CBF268F17110089041D /* Preview Content */,
			);
			path = "Meow Meow";
			sourceTree = "<group>";
		};
		94711CBF268F17110089041D /* Preview Content */ = {
			isa = PBXGroup;
			children = (
				94711CC0268F17110089041D /* Preview Assets.xcassets */,
			);
			path = "Preview Content";
			sourceTree = "<group>";
		};
		94711CCA268F17110089041D /* Meow MeowTests */ = {
			isa = PBXGroup;
			children = (
				94711CCB268F17110089041D /* Meow_MeowTests.swift */,
				94711CCD268F17110089041D /* Info.plist */,
			);
			path = "Meow MeowTests";
			sourceTree = "<group>";
		};
		94711CD5268F17110089041D /* Meow MeowUITests */ = {
			isa = PBXGroup;
			children = (
				94711CD6268F17110089041D /* Meow_MeowUITests.swift */,
				94711CD8268F17110089041D /* Info.plist */,
			);
			path = "Meow MeowUITests";
			sourceTree = "<group>";
		};
		94711CE5268F172E0089041D /* View */ = {
			isa = PBXGroup;
			children = (
				94711CBB268F17100089041D /* ContentView.swift */,
				94711CEC268F187B0089041D /* RandomCatView.swift */,
				94711CEE268F188A0089041D /* FavoriteCatView.swift */,
				94711CF0268F18920089041D /* AboutView.swift */,
			);
			path = View;
			sourceTree = "<group>";
		};
/* End PBXGroup section */

/* Begin PBXNativeTarget section */
		94711CB5268F17100089041D /* Meow Meow */ = {
			isa = PBXNativeTarget;
			buildConfigurationList = 94711CDB268F17110089041D /* Build configuration list for PBXNativeTarget "Meow Meow" */;
			buildPhases = (
				94711CB2268F17100089041D /* Sources */,
				94711CB3268F17100089041D /* Frameworks */,
				94711CB4268F17100089041D /* Resources */,
			);
			buildRules = (
			);
			dependencies = (
			);
			name = "Meow Meow";
			productName = "Meow Meow";
			productReference = 94711CB6268F17100089041D /* Meow Meow.app */;
			productType = "com.apple.product-type.application";
		};
		94711CC6268F17110089041D /* Meow MeowTests */ = {
			isa = PBXNativeTarget;
			buildConfigurationList = 94711CDE268F17110089041D /* Build configuration list for PBXNativeTarget "Meow MeowTests" */;
			buildPhases = (
				94711CC3268F17110089041D /* Sources */,
				94711CC4268F17110089041D /* Frameworks */,
				94711CC5268F17110089041D /* Resources */,
			);
			buildRules = (
			);
			dependencies = (
				94711CC9268F17110089041D /* PBXTargetDependency */,
			);
			name = "Meow MeowTests";
			productName = "Meow MeowTests";
			productReference = 94711CC7268F17110089041D /* Meow MeowTests.xctest */;
			productType = "com.apple.product-type.bundle.unit-test";
		};
		94711CD1268F17110089041D /* Meow MeowUITests */ = {
			isa = PBXNativeTarget;
			buildConfigurationList = 94711CE1268F17110089041D /* Build configuration list for PBXNativeTarget "Meow MeowUITests" */;
			buildPhases = (
				94711CCE268F17110089041D /* Sources */,
				94711CCF268F17110089041D /* Frameworks */,
				94711CD0268F17110089041D /* Resources */,
			);
			buildRules = (
			);
			dependencies = (
				94711CD4268F17110089041D /* PBXTargetDependency */,
			);
			name = "Meow MeowUITests";
			productName = "Meow MeowUITests";
			productReference = 94711CD2268F17110089041D /* Meow MeowUITests.xctest */;
			productType = "com.apple.product-type.bundle.ui-testing";
		};
/* End PBXNativeTarget section */

/* Begin PBXProject section */
		94711CAE268F17100089041D /* Project object */ = {
			isa = PBXProject;
			attributes = {
				LastSwiftUpdateCheck = 1250;
				LastUpgradeCheck = 1250;
				TargetAttributes = {
					94711CB5268F17100089041D = {
						CreatedOnToolsVersion = 12.5;
					};
					94711CC6268F17110089041D = {
						CreatedOnToolsVersion = 12.5;
						TestTargetID = 94711CB5268F17100089041D;
					};
					94711CD1268F17110089041D = {
						CreatedOnToolsVersion = 12.5;
						TestTargetID = 94711CB5268F17100089041D;
					};
				};
			};
			buildConfigurationList = 94711CB1268F17100089041D /* Build configuration list for PBXProject "Meow Meow" */;
			compatibilityVersion = "Xcode 9.3";
			developmentRegion = en;
			hasScannedForEncodings = 0;
			knownRegions = (
				en,
				Base,
			);
			mainGroup = 94711CAD268F17100089041D;
			productRefGroup = 94711CB7268F17100089041D /* Products */;
			projectDirPath = "";
			projectRoot = "";
			targets = (
				94711CB5268F17100089041D /* Meow Meow */,
				94711CC6268F17110089041D /* Meow MeowTests */,
				94711CD1268F17110089041D /* Meow MeowUITests */,
			);
		};
/* End PBXProject section */

/* Begin PBXResourcesBuildPhase section */
		94711CB4268F17100089041D /* Resources */ = {
			isa = PBXResourcesBuildPhase;
			buildActionMask = 2147483647;
			files = (
				94711CE7268F17780089041D /* meo.mp3 in Resources */,
				94711CC1268F17110089041D /* Preview Assets.xcassets in Resources */,
				94711CBE268F17110089041D /* Assets.xcassets in Resources */,
			);
			runOnlyForDeploymentPostprocessing = 0;
		};
		94711CC5268F17110089041D /* Resources */ = {
			isa = PBXResourcesBuildPhase;
			buildActionMask = 2147483647;
			files = (
			);
			runOnlyForDeploymentPostprocessing = 0;
		};
		94711CD0268F17110089041D /* Resources */ = {
			isa = PBXResourcesBuildPhase;
			buildActionMask = 2147483647;
			files = (
			);
			runOnlyForDeploymentPostprocessing = 0;
		};
/* End PBXResourcesBuildPhase section */

/* Begin PBXSourcesBuildPhase section */
		94711CB2268F17100089041D /* Sources */ = {
			isa = PBXSourcesBuildPhase;
			buildActionMask = 2147483647;
			files = (
				94711CBC268F17100089041D /* ContentView.swift in Sources */,
				94711CBA268F17100089041D /* Meow_MeowApp.swift in Sources */,
				94711CED268F187B0089041D /* RandomCatView.swift in Sources */,
				94711CEF268F188A0089041D /* FavoriteCatView.swift in Sources */,
				94711CF1268F18920089041D /* AboutView.swift in Sources */,
			);
			runOnlyForDeploymentPostprocessing = 0;
		};
		94711CC3268F17110089041D /* Sources */ = {
			isa = PBXSourcesBuildPhase;
			buildActionMask = 2147483647;
			files = (
				94711CCC268F17110089041D /* Meow_MeowTests.swift in Sources */,
			);
			runOnlyForDeploymentPostprocessing = 0;
		};
		94711CCE268F17110089041D /* Sources */ = {
			isa = PBXSourcesBuildPhase;
			buildActionMask = 2147483647;
			files = (
				94711CD7268F17110089041D /* Meow_MeowUITests.swift in Sources */,
			);
			runOnlyForDeploymentPostprocessing = 0;
		};
/* End PBXSourcesBuildPhase section */

/* Begin PBXTargetDependency section */
		94711CC9268F17110089041D /* PBXTargetDependency */ = {
			isa = PBXTargetDependency;
			target = 94711CB5268F17100089041D /* Meow Meow */;
			targetProxy = 94711CC8268F17110089041D /* PBXContainerItemProxy */;
		};
		94711CD4268F17110089041D /* PBXTargetDependency */ = {
			isa = PBXTargetDependency;
			target = 94711CB5268F17100089041D /* Meow Meow */;
			targetProxy = 94711CD3268F17110089041D /* PBXContainerItemProxy */;
		};
/* End PBXTargetDependency section */

/* Begin XCBuildConfiguration section */
		94711CD9268F17110089041D /* Debug */ = {
			isa = XCBuildConfiguration;
			buildSettings = {
				ALWAYS_SEARCH_USER_PATHS = NO;
				CLANG_ANALYZER_NONNULL = YES;
				CLANG_ANALYZER_NUMBER_OBJECT_CONVERSION = YES_AGGRESSIVE;
				CLANG_CXX_LANGUAGE_STANDARD = "gnu++14";
				CLANG_CXX_LIBRARY = "libc++";
				CLANG_ENABLE_MODULES = YES;
				CLANG_ENABLE_OBJC_ARC = YES;
				CLANG_ENABLE_OBJC_WEAK = YES;
				CLANG_WARN_BLOCK_CAPTURE_AUTORELEASING = YES;
				CLANG_WARN_BOOL_CONVERSION = YES;
				CLANG_WARN_COMMA = YES;
				CLANG_WARN_CONSTANT_CONVERSION = YES;
				CLANG_WARN_DEPRECATED_OBJC_IMPLEMENTATIONS = YES;
				CLANG_WARN_DIRECT_OBJC_ISA_USAGE = YES_ERROR;
				CLANG_WARN_DOCUMENTATION_COMMENTS = YES;
				CLANG_WARN_EMPTY_BODY = YES;
				CLANG_WARN_ENUM_CONVERSION = YES;
				CLANG_WARN_INFINITE_RECURSION = YES;
				CLANG_WARN_INT_CONVERSION = YES;
				CLANG_WARN_NON_LITERAL_NULL_CONVERSION = YES;
				CLANG_WARN_OBJC_IMPLICIT_RETAIN_SELF = YES;
				CLANG_WARN_OBJC_LITERAL_CONVERSION = YES;
				CLANG_WARN_OBJC_ROOT_CLASS = YES_ERROR;
				CLANG_WARN_QUOTED_INCLUDE_IN_FRAMEWORK_HEADER = YES;
				CLANG_WARN_RANGE_LOOP_ANALYSIS = YES;
				CLANG_WARN_STRICT_PROTOTYPES = YES;
				CLANG_WARN_SUSPICIOUS_MOVE = YES;
				CLANG_WARN_UNGUARDED_AVAILABILITY = YES_AGGRESSIVE;
				CLANG_WARN_UNREACHABLE_CODE = YES;
				CLANG_WARN__DUPLICATE_METHOD_MATCH = YES;
				COPY_PHASE_STRIP = NO;
				DEBUG_INFORMATION_FORMAT = dwarf;
				ENABLE_STRICT_OBJC_MSGSEND = YES;
				ENABLE_TESTABILITY = YES;
				GCC_C_LANGUAGE_STANDARD = gnu11;
				GCC_DYNAMIC_NO_PIC = NO;
				GCC_NO_COMMON_BLOCKS = YES;
				GCC_OPTIMIZATION_LEVEL = 0;
				GCC_PREPROCESSOR_DEFINITIONS = (
					"DEBUG=1",
					"$(inherited)",
				);
				GCC_WARN_64_TO_32_BIT_CONVERSION = YES;
				GCC_WARN_ABOUT_RETURN_TYPE = YES_ERROR;
				GCC_WARN_UNDECLARED_SELECTOR = YES;
				GCC_WARN_UNINITIALIZED_AUTOS = YES_AGGRESSIVE;
				GCC_WARN_UNUSED_FUNCTION = YES;
				GCC_WARN_UNUSED_VARIABLE = YES;
				IPHONEOS_DEPLOYMENT_TARGET = 14.5;
				MTL_ENABLE_DEBUG_INFO = INCLUDE_SOURCE;
				MTL_FAST_MATH = YES;
				ONLY_ACTIVE_ARCH = YES;
				SDKROOT = iphoneos;
				SWIFT_ACTIVE_COMPILATION_CONDITIONS = DEBUG;
				SWIFT_OPTIMIZATION_LEVEL = "-Onone";
			};
			name = Debug;
		};
		94711CDA268F17110089041D /* Release */ = {
			isa = XCBuildConfiguration;
			buildSettings = {
				ALWAYS_SEARCH_USER_PATHS = NO;
				CLANG_ANALYZER_NONNULL = YES;
				CLANG_ANALYZER_NUMBER_OBJECT_CONVERSION = YES_AGGRESSIVE;
				CLANG_CXX_LANGUAGE_STANDARD = "gnu++14";
				CLANG_CXX_LIBRARY = "libc++";
				CLANG_ENABLE_MODULES = YES;
				CLANG_ENABLE_OBJC_ARC = YES;
				CLANG_ENABLE_OBJC_WEAK = YES;
				CLANG_WARN_BLOCK_CAPTURE_AUTORELEASING = YES;
				CLANG_WARN_BOOL_CONVERSION = YES;
				CLANG_WARN_COMMA = YES;
				CLANG_WARN_CONSTANT_CONVERSION = YES;
				CLANG_WARN_DEPRECATED_OBJC_IMPLEMENTATIONS = YES;
				CLANG_WARN_DIRECT_OBJC_ISA_USAGE = YES_ERROR;
				CLANG_WARN_DOCUMENTATION_COMMENTS = YES;
				CLANG_WARN_EMPTY_BODY = YES;
				CLANG_WARN_ENUM_CONVERSION = YES;
				CLANG_WARN_INFINITE_RECURSION = YES;
				CLANG_WARN_INT_CONVERSION = YES;
				CLANG_WARN_NON_LITERAL_NULL_CONVERSION = YES;
				CLANG_WARN_OBJC_IMPLICIT_RETAIN_SELF = YES;
				CLANG_WARN_OBJC_LITERAL_CONVERSION = YES;
				CLANG_WARN_OBJC_ROOT_CLASS = YES_ERROR;
				CLANG_WARN_QUOTED_INCLUDE_IN_FRAMEWORK_HEADER = YES;
				CLANG_WARN_RANGE_LOOP_ANALYSIS = YES;
				CLANG_WARN_STRICT_PROTOTYPES = YES;
				CLANG_WARN_SUSPICIOUS_MOVE = YES;
				CLANG_WARN_UNGUARDED_AVAILABILITY = YES_AGGRESSIVE;
				CLANG_WARN_UNREACHABLE_CODE = YES;
				CLANG_WARN__DUPLICATE_METHOD_MATCH = YES;
				COPY_PHASE_STRIP = NO;
				DEBUG_INFORMATION_FORMAT = "dwarf-with-dsym";
				ENABLE_NS_ASSERTIONS = NO;
				ENABLE_STRICT_OBJC_MSGSEND = YES;
				GCC_C_LANGUAGE_STANDARD = gnu11;
				GCC_NO_COMMON_BLOCKS = YES;
				GCC_WARN_64_TO_32_BIT_CONVERSION = YES;
				GCC_WARN_ABOUT_RETURN_TYPE = YES_ERROR;
				GCC_WARN_UNDECLARED_SELECTOR = YES;
				GCC_WARN_UNINITIALIZED_AUTOS = YES_AGGRESSIVE;
				GCC_WARN_UNUSED_FUNCTION = YES;
				GCC_WARN_UNUSED_VARIABLE = YES;
				IPHONEOS_DEPLOYMENT_TARGET = 14.5;
				MTL_ENABLE_DEBUG_INFO = NO;
				MTL_FAST_MATH = YES;
				SDKROOT = iphoneos;
				SWIFT_COMPILATION_MODE = wholemodule;
				SWIFT_OPTIMIZATION_LEVEL = "-O";
				VALIDATE_PRODUCT = YES;
			};
			name = Release;
		};
		94711CDC268F17110089041D /* Debug */ = {
			isa = XCBuildConfiguration;
			buildSettings = {
				ASSETCATALOG_COMPILER_APPICON_NAME = AppIcon;
				ASSETCATALOG_COMPILER_GLOBAL_ACCENT_COLOR_NAME = AccentColor;
				CODE_SIGN_STYLE = Automatic;
				DEVELOPMENT_ASSET_PATHS = "\"Meow Meow/Preview Content\"";
				DEVELOPMENT_TEAM = 76UVYUU2N8;
				ENABLE_PREVIEWS = YES;
				INFOPLIST_FILE = "Meow Meow/Info.plist";
				IPHONEOS_DEPLOYMENT_TARGET = 14.0;
				LD_RUNPATH_SEARCH_PATHS = (
					"$(inherited)",
					"@executable_path/Frameworks",
				);
				PRODUCT_BUNDLE_IDENTIFIER = "haihd.com.Meow-Meow-App";
				PRODUCT_NAME = "$(TARGET_NAME)";
				SWIFT_VERSION = 5.0;
				TARGETED_DEVICE_FAMILY = "1,2";
			};
			name = Debug;
		};
		94711CDD268F17110089041D /* Release */ = {
			isa = XCBuildConfiguration;
			buildSettings = {
				ASSETCATALOG_COMPILER_APPICON_NAME = AppIcon;
				ASSETCATALOG_COMPILER_GLOBAL_ACCENT_COLOR_NAME = AccentColor;
				CODE_SIGN_STYLE = Automatic;
				DEVELOPMENT_ASSET_PATHS = "\"Meow Meow/Preview Content\"";
				DEVELOPMENT_TEAM = 76UVYUU2N8;
				ENABLE_PREVIEWS = YES;
				INFOPLIST_FILE = "Meow Meow/Info.plist";
				IPHONEOS_DEPLOYMENT_TARGET = 14.0;
				LD_RUNPATH_SEARCH_PATHS = (
					"$(inherited)",
					"@executable_path/Frameworks",
				);
				PRODUCT_BUNDLE_IDENTIFIER = "haihd.com.Meow-Meow-App";
				PRODUCT_NAME = "$(TARGET_NAME)";
				SWIFT_VERSION = 5.0;
				TARGETED_DEVICE_FAMILY = "1,2";
			};
			name = Release;
		};
		94711CDF268F17110089041D /* Debug */ = {
			isa = XCBuildConfiguration;
			buildSettings = {
				ALWAYS_EMBED_SWIFT_STANDARD_LIBRARIES = YES;
				BUNDLE_LOADER = "$(TEST_HOST)";
				CODE_SIGN_STYLE = Automatic;
				DEVELOPMENT_TEAM = 76UVYUU2N8;
				INFOPLIST_FILE = "Meow MeowTests/Info.plist";
				IPHONEOS_DEPLOYMENT_TARGET = 14.0;
				LD_RUNPATH_SEARCH_PATHS = (
					"$(inherited)",
					"@executable_path/Frameworks",
					"@loader_path/Frameworks",
				);
				PRODUCT_BUNDLE_IDENTIFIER = "haihd.com.Meow-MeowTests";
				PRODUCT_NAME = "$(TARGET_NAME)";
				SWIFT_VERSION = 5.0;
				TARGETED_DEVICE_FAMILY = "1,2";
				TEST_HOST = "$(BUILT_PRODUCTS_DIR)/Meow Meow.app/Meow Meow";
			};
			name = Debug;
		};
		94711CE0268F17110089041D /* Release */ = {
			isa = XCBuildConfiguration;
			buildSettings = {
				ALWAYS_EMBED_SWIFT_STANDARD_LIBRARIES = YES;
				BUNDLE_LOADER = "$(TEST_HOST)";
				CODE_SIGN_STYLE = Automatic;
				DEVELOPMENT_TEAM = 76UVYUU2N8;
				INFOPLIST_FILE = "Meow MeowTests/Info.plist";
				IPHONEOS_DEPLOYMENT_TARGET = 14.0;
				LD_RUNPATH_SEARCH_PATHS = (
					"$(inherited)",
					"@executable_path/Frameworks",
					"@loader_path/Frameworks",
				);
				PRODUCT_BUNDLE_IDENTIFIER = "haihd.com.Meow-MeowTests";
				PRODUCT_NAME = "$(TARGET_NAME)";
				SWIFT_VERSION = 5.0;
				TARGETED_DEVICE_FAMILY = "1,2";
				TEST_HOST = "$(BUILT_PRODUCTS_DIR)/Meow Meow.app/Meow Meow";
			};
			name = Release;
		};
		94711CE2268F17110089041D /* Debug */ = {
			isa = XCBuildConfiguration;
			buildSettings = {
				ALWAYS_EMBED_SWIFT_STANDARD_LIBRARIES = YES;
				CODE_SIGN_STYLE = Automatic;
				DEVELOPMENT_TEAM = 76UVYUU2N8;
				INFOPLIST_FILE = "Meow MeowUITests/Info.plist";
				LD_RUNPATH_SEARCH_PATHS = (
					"$(inherited)",
					"@executable_path/Frameworks",
					"@loader_path/Frameworks",
				);
				PRODUCT_BUNDLE_IDENTIFIER = "haihd.com.Meow-MeowUITests";
				PRODUCT_NAME = "$(TARGET_NAME)";
				SWIFT_VERSION = 5.0;
				TARGETED_DEVICE_FAMILY = "1,2";
				TEST_TARGET_NAME = "Meow Meow";
			};
			name = Debug;
		};
		94711CE3268F17110089041D /* Release */ = {
			isa = XCBuildConfiguration;
			buildSettings = {
				ALWAYS_EMBED_SWIFT_STANDARD_LIBRARIES = YES;
				CODE_SIGN_STYLE = Automatic;
				DEVELOPMENT_TEAM = 76UVYUU2N8;
				INFOPLIST_FILE = "Meow MeowUITests/Info.plist";
				LD_RUNPATH_SEARCH_PATHS = (
					"$(inherited)",
					"@executable_path/Frameworks",
					"@loader_path/Frameworks",
				);
				PRODUCT_BUNDLE_IDENTIFIER = "haihd.com.Meow-MeowUITests";
				PRODUCT_NAME = "$(TARGET_NAME)";
				SWIFT_VERSION = 5.0;
				TARGETED_DEVICE_FAMILY = "1,2";
				TEST_TARGET_NAME = "Meow Meow";
			};
			name = Release;
		};
/* End XCBuildConfiguration section */

/* Begin XCConfigurationList section */
		94711CB1268F17100089041D /* Build configuration list for PBXProject "Meow Meow" */ = {
			isa = XCConfigurationList;
			buildConfigurations = (
				94711CD9268F17110089041D /* Debug */,
				94711CDA268F17110089041D /* Release */,
			);
			defaultConfigurationIsVisible = 0;
			defaultConfigurationName = Release;
		};
		94711CDB268F17110089041D /* Build configuration list for PBXNativeTarget "Meow Meow" */ = {
			isa = XCConfigurationList;
			buildConfigurations = (
				94711CDC268F17110089041D /* Debug */,
				94711CDD268F17110089041D /* Release */,
			);
			defaultConfigurationIsVisible = 0;
			defaultConfigurationName = Release;
		};
		94711CDE268F17110089041D /* Build configuration list for PBXNativeTarget "Meow MeowTests" */ = {
			isa = XCConfigurationList;
			buildConfigurations = (
				94711CDF268F17110089041D /* Debug */,
				94711CE0268F17110089041D /* Release */,
			);
			defaultConfigurationIsVisible = 0;
			defaultConfigurationName = Release;
		};
		94711CE1268F17110089041D /* Build configuration list for PBXNativeTarget "Meow MeowUITests" */ = {
			isa = XCConfigurationList;
			buildConfigurations = (
				94711CE2268F17110089041D /* Debug */,
				94711CE3268F17110089041D /* Release */,
			);
			defaultConfigurationIsVisible = 0;
			defaultConfigurationName = Release;
		};
/* End XCConfigurationList section */
	};
	rootObject = 94711CAE268F17100089041D /* Project object */;
}
